
Microsoft Visual Studio Solution File, Format Version 12.00
# Visual Studio Version 17
VisualStudioVersion = 17.3.32811.315
MinimumVisualStudioVersion = 10.0.40219.1
Project("{FAE04EC0-301F-11D3-BF4B-00C04F79EFBC}") = "ZZ_IO16", "ZZ_IO16\ZZ_IO16.csproj", "{42265C44-A0F2-4B8F-BC2B-F1EB28639C24}"
EndProject
Global
	GlobalSection(SolutionConfigurationPlatforms) = preSolution
		Debug|Any CPU = Debug|Any CPU
		Release|Any CPU = Release|Any CPU
	EndGlobalSection
	GlobalSection(ProjectConfigurationPlatforms) = postSolution
		{42265C44-A0F2-4B8F-BC2B-F1EB28639C24}.Debug|Any CPU.ActiveCfg = Debug|Any CPU
		{42265C44-A0F2-4B8F-BC2B-F1EB28639C24}.Debug|Any CPU.Build.0 = Debug|Any CPU
		{42265C44-A0F2-4B8F-BC2B-F1EB28639C24}.Release|Any CPU.ActiveCfg = Release|Any CPU
		{42265C44-A0F2-4B8F-BC2B-F1EB28639C24}.Release|Any CPU.Build.0 = Release|Any CPU
	EndGlobalSection
	GlobalSection(SolutionProperties) = preSolution
		HideSolutionNode = FALSE
	EndGlobalSection
	GlobalSection(ExtensibilityGlobals) = postSolution
		SolutionGuid = {41CC665C-B9E5-4633-A431-E6B351A657FB}
	EndGlobalSection
EndGlobal
